
Microsoft Visual Studio Solution File, Format Version 12.00
# Visual Studio Version 17
VisualStudioVersion = 17.0.31903.59
MinimumVisualStudioVersion = 10.0.40219.1
Project("{2150E333-8FDC-42A3-9474-1A3956D46DE8}") = "src", "src", "{5FDE2CD8-D3FD-4B5C-8E03-127314C1C4A9}"
EndProject
Project("{FAE04EC0-301F-11D3-BF4B-00C04F79EFBC}") = "Chirp.Web", "src\Chirp.Web\Chirp.Web.csproj", "{60EC8BCE-3C9B-44FE-A69D-8A60418F1073}"
EndProject
Project("{FAE04EC0-301F-11D3-BF4B-00C04F79EFBC}") = "Chirp.Infrastructure", "src\Chirp.Infrastructure\Chirp.Infrastructure.csproj", "{43BDDD73-3EA1-40E2-8825-D56ECC82AD59}"
EndProject
Project("{FAE04EC0-301F-11D3-BF4B-00C04F79EFBC}") = "Chirp.Core", "src\Chirp.Core\Chirp.Core.csproj", "{C951D24B-6FDC-4316-A637-0DC6EB5F4CA1}"
EndProject
Project("{2150E333-8FDC-42A3-9474-1A3956D46DE8}") = "test", "test", "{C0DB215A-F58C-47B8-BDF7-C96E9DC68413}"
EndProject
Project("{FAE04EC0-301F-11D3-BF4B-00C04F79EFBC}") = "Web.Tests", "test\Web.Tests\Web.Tests.csproj", "{5DE4753A-B3B5-4A56-8DFE-3E84E31177E6}"
EndProject
Project("{FAE04EC0-301F-11D3-BF4B-00C04F79EFBC}") = "Core.Tests", "test\Core.Tests\Core.Tests.csproj", "{EB74B546-EA63-4B59-A1F5-C1DE50C26CD1}"
EndProject
Project("{FAE04EC0-301F-11D3-BF4B-00C04F79EFBC}") = "Infrastructure.Tests", "test\Infrastructure.Tests\Infrastructure.Tests.csproj", "{609FE59D-E74C-4172-9B1D-660BE8BD32DD}"
EndProject
Global
	GlobalSection(SolutionConfigurationPlatforms) = preSolution
		Debug|Any CPU = Debug|Any CPU
		Release|Any CPU = Release|Any CPU
	EndGlobalSection
	GlobalSection(SolutionProperties) = preSolution
		HideSolutionNode = FALSE
	EndGlobalSection
	GlobalSection(ProjectConfigurationPlatforms) = postSolution
		{60EC8BCE-3C9B-44FE-A69D-8A60418F1073}.Debug|Any CPU.ActiveCfg = Debug|Any CPU
		{60EC8BCE-3C9B-44FE-A69D-8A60418F1073}.Debug|Any CPU.Build.0 = Debug|Any CPU
		{60EC8BCE-3C9B-44FE-A69D-8A60418F1073}.Release|Any CPU.ActiveCfg = Release|Any CPU
		{60EC8BCE-3C9B-44FE-A69D-8A60418F1073}.Release|Any CPU.Build.0 = Release|Any CPU
		{43BDDD73-3EA1-40E2-8825-D56ECC82AD59}.Debug|Any CPU.ActiveCfg = Debug|Any CPU
		{43BDDD73-3EA1-40E2-8825-D56ECC82AD59}.Debug|Any CPU.Build.0 = Debug|Any CPU
		{43BDDD73-3EA1-40E2-8825-D56ECC82AD59}.Release|Any CPU.ActiveCfg = Release|Any CPU
		{43BDDD73-3EA1-40E2-8825-D56ECC82AD59}.Release|Any CPU.Build.0 = Release|Any CPU
		{C951D24B-6FDC-4316-A637-0DC6EB5F4CA1}.Debug|Any CPU.ActiveCfg = Debug|Any CPU
		{C951D24B-6FDC-4316-A637-0DC6EB5F4CA1}.Debug|Any CPU.Build.0 = Debug|Any CPU
		{C951D24B-6FDC-4316-A637-0DC6EB5F4CA1}.Release|Any CPU.ActiveCfg = Release|Any CPU
		{C951D24B-6FDC-4316-A637-0DC6EB5F4CA1}.Release|Any CPU.Build.0 = Release|Any CPU
		{5DE4753A-B3B5-4A56-8DFE-3E84E31177E6}.Debug|Any CPU.ActiveCfg = Debug|Any CPU
		{5DE4753A-B3B5-4A56-8DFE-3E84E31177E6}.Debug|Any CPU.Build.0 = Debug|Any CPU
		{5DE4753A-B3B5-4A56-8DFE-3E84E31177E6}.Release|Any CPU.ActiveCfg = Release|Any CPU
		{5DE4753A-B3B5-4A56-8DFE-3E84E31177E6}.Release|Any CPU.Build.0 = Release|Any CPU
		{EB74B546-EA63-4B59-A1F5-C1DE50C26CD1}.Debug|Any CPU.ActiveCfg = Debug|Any CPU
		{EB74B546-EA63-4B59-A1F5-C1DE50C26CD1}.Debug|Any CPU.Build.0 = Debug|Any CPU
		{EB74B546-EA63-4B59-A1F5-C1DE50C26CD1}.Release|Any CPU.ActiveCfg = Release|Any CPU
		{EB74B546-EA63-4B59-A1F5-C1DE50C26CD1}.Release|Any CPU.Build.0 = Release|Any CPU
		{609FE59D-E74C-4172-9B1D-660BE8BD32DD}.Debug|Any CPU.ActiveCfg = Debug|Any CPU
		{609FE59D-E74C-4172-9B1D-660BE8BD32DD}.Debug|Any CPU.Build.0 = Debug|Any CPU
		{609FE59D-E74C-4172-9B1D-660BE8BD32DD}.Release|Any CPU.ActiveCfg = Release|Any CPU
		{609FE59D-E74C-4172-9B1D-660BE8BD32DD}.Release|Any CPU.Build.0 = Release|Any CPU
	EndGlobalSection
	GlobalSection(NestedProjects) = preSolution
		{60EC8BCE-3C9B-44FE-A69D-8A60418F1073} = {5FDE2CD8-D3FD-4B5C-8E03-127314C1C4A9}
		{43BDDD73-3EA1-40E2-8825-D56ECC82AD59} = {5FDE2CD8-D3FD-4B5C-8E03-127314C1C4A9}
		{C951D24B-6FDC-4316-A637-0DC6EB5F4CA1} = {5FDE2CD8-D3FD-4B5C-8E03-127314C1C4A9}
		{5DE4753A-B3B5-4A56-8DFE-3E84E31177E6} = {C0DB215A-F58C-47B8-BDF7-C96E9DC68413}
		{EB74B546-EA63-4B59-A1F5-C1DE50C26CD1} = {C0DB215A-F58C-47B8-BDF7-C96E9DC68413}
		{609FE59D-E74C-4172-9B1D-660BE8BD32DD} = {C0DB215A-F58C-47B8-BDF7-C96E9DC68413}
	EndGlobalSection
EndGlobal
