
Microsoft Visual Studio Solution File, Format Version 12.00
# Visual Studio Version 17
VisualStudioVersion = 17.0.31903.59
MinimumVisualStudioVersion = 10.0.40219.1
Project("{2150E333-8FDC-42A3-9474-1A3956D46DE8}") = "src", "src", "{5FDE2CD8-D3FD-4B5C-8E03-127314C1C4A9}"
EndProject
Project("{FAE04EC0-301F-11D3-BF4B-00C04F79EFBC}") = "Chirp.Web", "src\Chirp.Web\Chirp.Web.csproj", "{60EC8BCE-3C9B-44FE-A69D-8A60418F1073}"
EndProject
Project("{FAE04EC0-301F-11D3-BF4B-00C04F79EFBC}") = "Chirp.Infrastructure", "src\Chirp.Infrastructure\Chirp.Infrastructure.csproj", "{43BDDD73-3EA1-40E2-8825-D56ECC82AD59}"
EndProject
Project("{FAE04EC0-301F-11D3-BF4B-00C04F79EFBC}") = "Chirp.Core", "src\Chirp.Core\Chirp.Core.csproj", "{C951D24B-6FDC-4316-A637-0DC6EB5F4CA1}"
EndProject
Project("{2150E333-8FDC-42A3-9474-1A3956D46DE8}") = "Test", "Test", "{040931F0-5C8A-4105-9469-63336B4D3872}"
EndProject
Project("{FAE04EC0-301F-11D3-BF4B-00C04F79EFBC}") = "Core.Tests", "Test\Core.Tests\Core.Tests.csproj", "{5514E83E-2534-403E-920C-DF9407255A2E}"
EndProject
Project("{FAE04EC0-301F-11D3-BF4B-00C04F79EFBC}") = "Infrastructure.Tests", "Test\Infrastructure.Tests\Infrastructure.Tests.csproj", "{746B5B1F-362B-463E-8830-5A12CEDF2FC7}"
EndProject
Project("{FAE04EC0-301F-11D3-BF4B-00C04F79EFBC}") = "Web.Tests", "Test\Web.Tests\Web.Tests.csproj", "{2083794B-4A87-48D6-ACF0-1FC35B4C735B}"
EndProject
Global
	GlobalSection(SolutionConfigurationPlatforms) = preSolution
		Debug|Any CPU = Debug|Any CPU
		Release|Any CPU = Release|Any CPU
	EndGlobalSection
	GlobalSection(SolutionProperties) = preSolution
		HideSolutionNode = FALSE
	EndGlobalSection
	GlobalSection(ProjectConfigurationPlatforms) = postSolution
		{60EC8BCE-3C9B-44FE-A69D-8A60418F1073}.Debug|Any CPU.ActiveCfg = Debug|Any CPU
		{60EC8BCE-3C9B-44FE-A69D-8A60418F1073}.Debug|Any CPU.Build.0 = Debug|Any CPU
		{60EC8BCE-3C9B-44FE-A69D-8A60418F1073}.Release|Any CPU.ActiveCfg = Release|Any CPU
		{60EC8BCE-3C9B-44FE-A69D-8A60418F1073}.Release|Any CPU.Build.0 = Release|Any CPU
		{43BDDD73-3EA1-40E2-8825-D56ECC82AD59}.Debug|Any CPU.ActiveCfg = Debug|Any CPU
		{43BDDD73-3EA1-40E2-8825-D56ECC82AD59}.Debug|Any CPU.Build.0 = Debug|Any CPU
		{43BDDD73-3EA1-40E2-8825-D56ECC82AD59}.Release|Any CPU.ActiveCfg = Release|Any CPU
		{43BDDD73-3EA1-40E2-8825-D56ECC82AD59}.Release|Any CPU.Build.0 = Release|Any CPU
		{C951D24B-6FDC-4316-A637-0DC6EB5F4CA1}.Debug|Any CPU.ActiveCfg = Debug|Any CPU
		{C951D24B-6FDC-4316-A637-0DC6EB5F4CA1}.Debug|Any CPU.Build.0 = Debug|Any CPU
		{C951D24B-6FDC-4316-A637-0DC6EB5F4CA1}.Release|Any CPU.ActiveCfg = Release|Any CPU
		{C951D24B-6FDC-4316-A637-0DC6EB5F4CA1}.Release|Any CPU.Build.0 = Release|Any CPU
		{5514E83E-2534-403E-920C-DF9407255A2E}.Debug|Any CPU.ActiveCfg = Debug|Any CPU
		{5514E83E-2534-403E-920C-DF9407255A2E}.Debug|Any CPU.Build.0 = Debug|Any CPU
		{5514E83E-2534-403E-920C-DF9407255A2E}.Release|Any CPU.ActiveCfg = Release|Any CPU
		{5514E83E-2534-403E-920C-DF9407255A2E}.Release|Any CPU.Build.0 = Release|Any CPU
		{746B5B1F-362B-463E-8830-5A12CEDF2FC7}.Debug|Any CPU.ActiveCfg = Debug|Any CPU
		{746B5B1F-362B-463E-8830-5A12CEDF2FC7}.Debug|Any CPU.Build.0 = Debug|Any CPU
		{746B5B1F-362B-463E-8830-5A12CEDF2FC7}.Release|Any CPU.ActiveCfg = Release|Any CPU
		{746B5B1F-362B-463E-8830-5A12CEDF2FC7}.Release|Any CPU.Build.0 = Release|Any CPU
		{2083794B-4A87-48D6-ACF0-1FC35B4C735B}.Debug|Any CPU.ActiveCfg = Debug|Any CPU
		{2083794B-4A87-48D6-ACF0-1FC35B4C735B}.Debug|Any CPU.Build.0 = Debug|Any CPU
		{2083794B-4A87-48D6-ACF0-1FC35B4C735B}.Release|Any CPU.ActiveCfg = Release|Any CPU
		{2083794B-4A87-48D6-ACF0-1FC35B4C735B}.Release|Any CPU.Build.0 = Release|Any CPU
	EndGlobalSection
	GlobalSection(NestedProjects) = preSolution
		{60EC8BCE-3C9B-44FE-A69D-8A60418F1073} = {5FDE2CD8-D3FD-4B5C-8E03-127314C1C4A9}
		{43BDDD73-3EA1-40E2-8825-D56ECC82AD59} = {5FDE2CD8-D3FD-4B5C-8E03-127314C1C4A9}
		{C951D24B-6FDC-4316-A637-0DC6EB5F4CA1} = {5FDE2CD8-D3FD-4B5C-8E03-127314C1C4A9}
		{5514E83E-2534-403E-920C-DF9407255A2E} = {040931F0-5C8A-4105-9469-63336B4D3872}
		{746B5B1F-362B-463E-8830-5A12CEDF2FC7} = {040931F0-5C8A-4105-9469-63336B4D3872}
		{2083794B-4A87-48D6-ACF0-1FC35B4C735B} = {040931F0-5C8A-4105-9469-63336B4D3872}
	EndGlobalSection
EndGlobal
