
Microsoft Visual Studio Solution File, Format Version 12.00
# Visual Studio Version 17
VisualStudioVersion = 17.5.002.0
MinimumVisualStudioVersion = 10.0.40219.1
Project("{9A19103F-16F7-4668-BE54-9A1E7A4F7556}") = "Chirp.Infrastructure", "Chirp.Infrastructure.csproj", "{EFFCCC89-B111-43F6-BEF8-1A2E1CEE8116}"
EndProject
Global
	GlobalSection(SolutionConfigurationPlatforms) = preSolution
		Debug|Any CPU = Debug|Any CPU
		Release|Any CPU = Release|Any CPU
	EndGlobalSection
	GlobalSection(ProjectConfigurationPlatforms) = postSolution
		{EFFCCC89-B111-43F6-BEF8-1A2E1CEE8116}.Debug|Any CPU.ActiveCfg = Debug|Any CPU
		{EFFCCC89-B111-43F6-BEF8-1A2E1CEE8116}.Debug|Any CPU.Build.0 = Debug|Any CPU
		{EFFCCC89-B111-43F6-BEF8-1A2E1CEE8116}.Release|Any CPU.ActiveCfg = Release|Any CPU
		{EFFCCC89-B111-43F6-BEF8-1A2E1CEE8116}.Release|Any CPU.Build.0 = Release|Any CPU
	EndGlobalSection
	GlobalSection(SolutionProperties) = preSolution
		HideSolutionNode = FALSE
	EndGlobalSection
	GlobalSection(ExtensibilityGlobals) = postSolution
		SolutionGuid = {632C0ADD-425B-43D0-B16C-5AABB5AF2B4C}
	EndGlobalSection
EndGlobal
